
Microsoft Visual Studio Solution File, Format Version 12.00
# Visual Studio 15
VisualStudioVersion = 15.0.27703.2018
MinimumVisualStudioVersion = 10.0.40219.1
Project("{FAE04EC0-301F-11D3-BF4B-00C04F79EFBC}") = "RocketBetterBack", "RocketBetterBack\RocketBetterBack.csproj", "{24F5BA0E-AB0E-4ED2-9902-C994A54488DB}"
EndProject
Global
	GlobalSection(SolutionConfigurationPlatforms) = preSolution
		Debug|Any CPU = Debug|Any CPU
		Release|Any CPU = Release|Any CPU
	EndGlobalSection
	GlobalSection(ProjectConfigurationPlatforms) = postSolution
		{24F5BA0E-AB0E-4ED2-9902-C994A54488DB}.Debug|Any CPU.ActiveCfg = Debug|Any CPU
		{24F5BA0E-AB0E-4ED2-9902-C994A54488DB}.Debug|Any CPU.Build.0 = Debug|Any CPU
		{24F5BA0E-AB0E-4ED2-9902-C994A54488DB}.Release|Any CPU.ActiveCfg = Release|Any CPU
		{24F5BA0E-AB0E-4ED2-9902-C994A54488DB}.Release|Any CPU.Build.0 = Release|Any CPU
	EndGlobalSection
	GlobalSection(SolutionProperties) = preSolution
		HideSolutionNode = FALSE
	EndGlobalSection
	GlobalSection(ExtensibilityGlobals) = postSolution
		SolutionGuid = {473A021E-E658-4A5C-A7F2-CF448C497D6E}
	EndGlobalSection
EndGlobal
